
Microsoft Visual Studio Solution File, Format Version 12.00
# Visual Studio Version 17
VisualStudioVersion = 17.9.34607.119
MinimumVisualStudioVersion = 10.0.40219.1
Project("{FAE04EC0-301F-11D3-BF4B-00C04F79EFBC}") = "Contract_Monthly_Claim_System", "Contract_Monthly_Claim_System\Contract_Monthly_Claim_System.csproj", "{BD49FE77-CC48-47B2-9BED-4392D01D716F}"
EndProject
Global
	GlobalSection(SolutionConfigurationPlatforms) = preSolution
		Debug|Any CPU = Debug|Any CPU
		Release|Any CPU = Release|Any CPU
	EndGlobalSection
	GlobalSection(ProjectConfigurationPlatforms) = postSolution
		{BD49FE77-CC48-47B2-9BED-4392D01D716F}.Debug|Any CPU.ActiveCfg = Debug|Any CPU
		{BD49FE77-CC48-47B2-9BED-4392D01D716F}.Debug|Any CPU.Build.0 = Debug|Any CPU
		{BD49FE77-CC48-47B2-9BED-4392D01D716F}.Release|Any CPU.ActiveCfg = Release|Any CPU
		{BD49FE77-CC48-47B2-9BED-4392D01D716F}.Release|Any CPU.Build.0 = Release|Any CPU
	EndGlobalSection
	GlobalSection(SolutionProperties) = preSolution
		HideSolutionNode = FALSE
	EndGlobalSection
	GlobalSection(ExtensibilityGlobals) = postSolution
		SolutionGuid = {C58C2EC8-53D8-40BF-A76C-BD0E8EAD8E76}
	EndGlobalSection
EndGlobal
